// !$*UTF8*$!
{
	archiveVersion = 1;
	classes = {
	};
	objectVersion = 50;
	objects = {

/* Begin PBXBuildFile section */
		D6C1487524683781007235FF /* MXMLParser.swift in Sources */ = {isa = PBXBuildFile; fileRef = D6C1487424683781007235FF /* MXMLParser.swift */; };
		D6C1487824684E5A007235FF /* WebKit.framework in Frameworks */ = {isa = PBXBuildFile; fileRef = D6C1487724684E5A007235FF /* WebKit.framework */; };
		D6CB1FF52466F282008D1EAC /* AppDelegate.swift in Sources */ = {isa = PBXBuildFile; fileRef = D6CB1FF42466F282008D1EAC /* AppDelegate.swift */; };
		D6CB1FFA2466F282008D1EAC /* Main.storyboard in Resources */ = {isa = PBXBuildFile; fileRef = D6CB1FF82466F282008D1EAC /* Main.storyboard */; };
		D6CB1FFD2466F282008D1EAC /* RSSFeed.xcdatamodeld in Sources */ = {isa = PBXBuildFile; fileRef = D6CB1FFB2466F282008D1EAC /* RSSFeed.xcdatamodeld */; };
		D6CB1FFF2466F283008D1EAC /* Assets.xcassets in Resources */ = {isa = PBXBuildFile; fileRef = D6CB1FFE2466F283008D1EAC /* Assets.xcassets */; };
		D6CB20022466F283008D1EAC /* LaunchScreen.storyboard in Resources */ = {isa = PBXBuildFile; fileRef = D6CB20002466F283008D1EAC /* LaunchScreen.storyboard */; };
		D6CB200A2466F2F3008D1EAC /* TopicsTableViewController.swift in Sources */ = {isa = PBXBuildFile; fileRef = D6CB20092466F2F3008D1EAC /* TopicsTableViewController.swift */; };
		D6CB200C2466F310008D1EAC /* TutorialViewController.swift in Sources */ = {isa = PBXBuildFile; fileRef = D6CB200B2466F310008D1EAC /* TutorialViewController.swift */; };
		D6CB200E2466F32D008D1EAC /* ContainerViewController.swift in Sources */ = {isa = PBXBuildFile; fileRef = D6CB200D2466F32D008D1EAC /* ContainerViewController.swift */; };
/* End PBXBuildFile section */

/* Begin PBXFileReference section */
		D6C1487424683781007235FF /* MXMLParser.swift */ = {isa = PBXFileReference; lastKnownFileType = sourcecode.swift; path = MXMLParser.swift; sourceTree = "<group>"; };
		D6C1487724684E5A007235FF /* WebKit.framework */ = {isa = PBXFileReference; lastKnownFileType = wrapper.framework; name = WebKit.framework; path = System/Library/Frameworks/WebKit.framework; sourceTree = SDKROOT; };
		D6CB1FF12466F282008D1EAC /* RSSFeed.app */ = {isa = PBXFileReference; explicitFileType = wrapper.application; includeInIndex = 0; path = RSSFeed.app; sourceTree = BUILT_PRODUCTS_DIR; };
		D6CB1FF42466F282008D1EAC /* AppDelegate.swift */ = {isa = PBXFileReference; lastKnownFileType = sourcecode.swift; path = AppDelegate.swift; sourceTree = "<group>"; };
		D6CB1FF92466F282008D1EAC /* Base */ = {isa = PBXFileReference; lastKnownFileType = file.storyboard; name = Base; path = Base.lproj/Main.storyboard; sourceTree = "<group>"; };
		D6CB1FFC2466F282008D1EAC /* RSSFeed.xcdatamodel */ = {isa = PBXFileReference; lastKnownFileType = wrapper.xcdatamodel; path = RSSFeed.xcdatamodel; sourceTree = "<group>"; };
		D6CB1FFE2466F283008D1EAC /* Assets.xcassets */ = {isa = PBXFileReference; lastKnownFileType = folder.assetcatalog; path = Assets.xcassets; sourceTree = "<group>"; };
		D6CB20012466F283008D1EAC /* Base */ = {isa = PBXFileReference; lastKnownFileType = file.storyboard; name = Base; path = Base.lproj/LaunchScreen.storyboard; sourceTree = "<group>"; };
		D6CB20032466F284008D1EAC /* Info.plist */ = {isa = PBXFileReference; lastKnownFileType = text.plist.xml; path = Info.plist; sourceTree = "<group>"; };
		D6CB20092466F2F3008D1EAC /* TopicsTableViewController.swift */ = {isa = PBXFileReference; lastKnownFileType = sourcecode.swift; path = TopicsTableViewController.swift; sourceTree = "<group>"; };
		D6CB200B2466F310008D1EAC /* TutorialViewController.swift */ = {isa = PBXFileReference; lastKnownFileType = sourcecode.swift; path = TutorialViewController.swift; sourceTree = "<group>"; };
		D6CB200D2466F32D008D1EAC /* ContainerViewController.swift */ = {isa = PBXFileReference; lastKnownFileType = sourcecode.swift; path = ContainerViewController.swift; sourceTree = "<group>"; };
/* End PBXFileReference section */

/* Begin PBXFrameworksBuildPhase section */
		D6CB1FEE2466F282008D1EAC /* Frameworks */ = {
			isa = PBXFrameworksBuildPhase;
			buildActionMask = 2147483647;
			files = (
				D6C1487824684E5A007235FF /* WebKit.framework in Frameworks */,
			);
			runOnlyForDeploymentPostprocessing = 0;
		};
/* End PBXFrameworksBuildPhase section */

/* Begin PBXGroup section */
		D6C1487624684E5A007235FF /* Frameworks */ = {
			isa = PBXGroup;
			children = (
				D6C1487724684E5A007235FF /* WebKit.framework */,
			);
			name = Frameworks;
			sourceTree = "<group>";
		};
		D6CB1FE82466F282008D1EAC = {
			isa = PBXGroup;
			children = (
				D6CB1FF32466F282008D1EAC /* RSSFeed */,
				D6CB1FF22466F282008D1EAC /* Products */,
				D6C1487624684E5A007235FF /* Frameworks */,
			);
			sourceTree = "<group>";
		};
		D6CB1FF22466F282008D1EAC /* Products */ = {
			isa = PBXGroup;
			children = (
				D6CB1FF12466F282008D1EAC /* RSSFeed.app */,
			);
			name = Products;
			sourceTree = "<group>";
		};
		D6CB1FF32466F282008D1EAC /* RSSFeed */ = {
			isa = PBXGroup;
			children = (
				D6C1487424683781007235FF /* MXMLParser.swift */,
				D6CB1FF42466F282008D1EAC /* AppDelegate.swift */,
				D6CB1FF82466F282008D1EAC /* Main.storyboard */,
				D6CB20092466F2F3008D1EAC /* TopicsTableViewController.swift */,
				D6CB200B2466F310008D1EAC /* TutorialViewController.swift */,
				D6CB200D2466F32D008D1EAC /* ContainerViewController.swift */,
				D6CB1FFE2466F283008D1EAC /* Assets.xcassets */,
				D6CB20002466F283008D1EAC /* LaunchScreen.storyboard */,
				D6CB20032466F284008D1EAC /* Info.plist */,
				D6CB1FFB2466F282008D1EAC /* RSSFeed.xcdatamodeld */,
			);
			path = RSSFeed;
			sourceTree = "<group>";
		};
/* End PBXGroup section */

/* Begin PBXNativeTarget section */
		D6CB1FF02466F282008D1EAC /* RSSFeed */ = {
			isa = PBXNativeTarget;
			buildConfigurationList = D6CB20062466F284008D1EAC /* Build configuration list for PBXNativeTarget "RSSFeed" */;
			buildPhases = (
				D6CB1FED2466F282008D1EAC /* Sources */,
				D6CB1FEE2466F282008D1EAC /* Frameworks */,
				D6CB1FEF2466F282008D1EAC /* Resources */,
			);
			buildRules = (
			);
			dependencies = (
			);
			name = RSSFeed;
			productName = RSSFeed;
			productReference = D6CB1FF12466F282008D1EAC /* RSSFeed.app */;
			productType = "com.apple.product-type.application";
		};
/* End PBXNativeTarget section */

/* Begin PBXProject section */
		D6CB1FE92466F282008D1EAC /* Project object */ = {
			isa = PBXProject;
			attributes = {
				LastSwiftUpdateCheck = 1030;
				LastUpgradeCheck = 1030;
				ORGANIZATIONNAME = Hackintosh;
				TargetAttributes = {
					D6CB1FF02466F282008D1EAC = {
						CreatedOnToolsVersion = 10.3;
					};
				};
			};
			buildConfigurationList = D6CB1FEC2466F282008D1EAC /* Build configuration list for PBXProject "RSSFeed" */;
			compatibilityVersion = "Xcode 9.3";
			developmentRegion = en;
			hasScannedForEncodings = 0;
			knownRegions = (
				en,
				Base,
			);
			mainGroup = D6CB1FE82466F282008D1EAC;
			productRefGroup = D6CB1FF22466F282008D1EAC /* Products */;
			projectDirPath = "";
			projectRoot = "";
			targets = (
				D6CB1FF02466F282008D1EAC /* RSSFeed */,
			);
		};
/* End PBXProject section */

/* Begin PBXResourcesBuildPhase section */
		D6CB1FEF2466F282008D1EAC /* Resources */ = {
			isa = PBXResourcesBuildPhase;
			buildActionMask = 2147483647;
			files = (
				D6CB20022466F283008D1EAC /* LaunchScreen.storyboard in Resources */,
				D6CB1FFF2466F283008D1EAC /* Assets.xcassets in Resources */,
				D6CB1FFA2466F282008D1EAC /* Main.storyboard in Resources */,
			);
			runOnlyForDeploymentPostprocessing = 0;
		};
/* End PBXResourcesBuildPhase section */

/* Begin PBXSourcesBuildPhase section */
		D6CB1FED2466F282008D1EAC /* Sources */ = {
			isa = PBXSourcesBuildPhase;
			buildActionMask = 2147483647;
			files = (
				D6CB1FFD2466F282008D1EAC /* RSSFeed.xcdatamodeld in Sources */,
				D6CB200C2466F310008D1EAC /* TutorialViewController.swift in Sources */,
				D6CB1FF52466F282008D1EAC /* AppDelegate.swift in Sources */,
				D6CB200E2466F32D008D1EAC /* ContainerViewController.swift in Sources */,
				D6C1487524683781007235FF /* MXMLParser.swift in Sources */,
				D6CB200A2466F2F3008D1EAC /* TopicsTableViewController.swift in Sources */,
			);
			runOnlyForDeploymentPostprocessing = 0;
		};
/* End PBXSourcesBuildPhase section */

/* Begin PBXVariantGroup section */
		D6CB1FF82466F282008D1EAC /* Main.storyboard */ = {
			isa = PBXVariantGroup;
			children = (
				D6CB1FF92466F282008D1EAC /* Base */,
			);
			name = Main.storyboard;
			sourceTree = "<group>";
		};
		D6CB20002466F283008D1EAC /* LaunchScreen.storyboard */ = {
			isa = PBXVariantGroup;
			children = (
				D6CB20012466F283008D1EAC /* Base */,
			);
			name = LaunchScreen.storyboard;
			sourceTree = "<group>";
		};
/* End PBXVariantGroup section */

/* Begin XCBuildConfiguration section */
		D6CB20042466F284008D1EAC /* Debug */ = {
			isa = XCBuildConfiguration;
			buildSettings = {
				ALWAYS_SEARCH_USER_PATHS = NO;
				CLANG_ANALYZER_NONNULL = YES;
				CLANG_ANALYZER_NUMBER_OBJECT_CONVERSION = YES_AGGRESSIVE;
				CLANG_CXX_LANGUAGE_STANDARD = "gnu++14";
				CLANG_CXX_LIBRARY = "libc++";
				CLANG_ENABLE_MODULES = YES;
				CLANG_ENABLE_OBJC_ARC = YES;
				CLANG_ENABLE_OBJC_WEAK = YES;
				CLANG_WARN_BLOCK_CAPTURE_AUTORELEASING = YES;
				CLANG_WARN_BOOL_CONVERSION = YES;
				CLANG_WARN_COMMA = YES;
				CLANG_WARN_CONSTANT_CONVERSION = YES;
				CLANG_WARN_DEPRECATED_OBJC_IMPLEMENTATIONS = YES;
				CLANG_WARN_DIRECT_OBJC_ISA_USAGE = YES_ERROR;
				CLANG_WARN_DOCUMENTATION_COMMENTS = YES;
				CLANG_WARN_EMPTY_BODY = YES;
				CLANG_WARN_ENUM_CONVERSION = YES;
				CLANG_WARN_INFINITE_RECURSION = YES;
				CLANG_WARN_INT_CONVERSION = YES;
				CLANG_WARN_NON_LITERAL_NULL_CONVERSION = YES;
				CLANG_WARN_OBJC_IMPLICIT_RETAIN_SELF = YES;
				CLANG_WARN_OBJC_LITERAL_CONVERSION = YES;
				CLANG_WARN_OBJC_ROOT_CLASS = YES_ERROR;
				CLANG_WARN_RANGE_LOOP_ANALYSIS = YES;
				CLANG_WARN_STRICT_PROTOTYPES = YES;
				CLANG_WARN_SUSPICIOUS_MOVE = YES;
				CLANG_WARN_UNGUARDED_AVAILABILITY = YES_AGGRESSIVE;
				CLANG_WARN_UNREACHABLE_CODE = YES;
				CLANG_WARN__DUPLICATE_METHOD_MATCH = YES;
				CODE_SIGN_IDENTITY = "iPhone Developer";
				COPY_PHASE_STRIP = NO;
				DEBUG_INFORMATION_FORMAT = dwarf;
				ENABLE_STRICT_OBJC_MSGSEND = YES;
				ENABLE_TESTABILITY = YES;
				GCC_C_LANGUAGE_STANDARD = gnu11;
				GCC_DYNAMIC_NO_PIC = NO;
				GCC_NO_COMMON_BLOCKS = YES;
				GCC_OPTIMIZATION_LEVEL = 0;
				GCC_PREPROCESSOR_DEFINITIONS = (
					"DEBUG=1",
					"$(inherited)",
				);
				GCC_WARN_64_TO_32_BIT_CONVERSION = YES;
				GCC_WARN_ABOUT_RETURN_TYPE = YES_ERROR;
				GCC_WARN_UNDECLARED_SELECTOR = YES;
				GCC_WARN_UNINITIALIZED_AUTOS = YES_AGGRESSIVE;
				GCC_WARN_UNUSED_FUNCTION = YES;
				GCC_WARN_UNUSED_VARIABLE = YES;
				IPHONEOS_DEPLOYMENT_TARGET = 12.4;
				MTL_ENABLE_DEBUG_INFO = INCLUDE_SOURCE;
				MTL_FAST_MATH = YES;
				ONLY_ACTIVE_ARCH = YES;
				SDKROOT = iphoneos;
				SWIFT_ACTIVE_COMPILATION_CONDITIONS = DEBUG;
				SWIFT_OPTIMIZATION_LEVEL = "-Onone";
			};
			name = Debug;
		};
		D6CB20052466F284008D1EAC /* Release */ = {
			isa = XCBuildConfiguration;
			buildSettings = {
				ALWAYS_SEARCH_USER_PATHS = NO;
				CLANG_ANALYZER_NONNULL = YES;
				CLANG_ANALYZER_NUMBER_OBJECT_CONVERSION = YES_AGGRESSIVE;
				CLANG_CXX_LANGUAGE_STANDARD = "gnu++14";
				CLANG_CXX_LIBRARY = "libc++";
				CLANG_ENABLE_MODULES = YES;
				CLANG_ENABLE_OBJC_ARC = YES;
				CLANG_ENABLE_OBJC_WEAK = YES;
				CLANG_WARN_BLOCK_CAPTURE_AUTORELEASING = YES;
				CLANG_WARN_BOOL_CONVERSION = YES;
				CLANG_WARN_COMMA = YES;
				CLANG_WARN_CONSTANT_CONVERSION = YES;
				CLANG_WARN_DEPRECATED_OBJC_IMPLEMENTATIONS = YES;
				CLANG_WARN_DIRECT_OBJC_ISA_USAGE = YES_ERROR;
				CLANG_WARN_DOCUMENTATION_COMMENTS = YES;
				CLANG_WARN_EMPTY_BODY = YES;
				CLANG_WARN_ENUM_CONVERSION = YES;
				CLANG_WARN_INFINITE_RECURSION = YES;
				CLANG_WARN_INT_CONVERSION = YES;
				CLANG_WARN_NON_LITERAL_NULL_CONVERSION = YES;
				CLANG_WARN_OBJC_IMPLICIT_RETAIN_SELF = YES;
				CLANG_WARN_OBJC_LITERAL_CONVERSION = YES;
				CLANG_WARN_OBJC_ROOT_CLASS = YES_ERROR;
				CLANG_WARN_RANGE_LOOP_ANALYSIS = YES;
				CLANG_WARN_STRICT_PROTOTYPES = YES;
				CLANG_WARN_SUSPICIOUS_MOVE = YES;
				CLANG_WARN_UNGUARDED_AVAILABILITY = YES_AGGRESSIVE;
				CLANG_WARN_UNREACHABLE_CODE = YES;
				CLANG_WARN__DUPLICATE_METHOD_MATCH = YES;
				CODE_SIGN_IDENTITY = "iPhone Developer";
				COPY_PHASE_STRIP = NO;
				DEBUG_INFORMATION_FORMAT = "dwarf-with-dsym";
				ENABLE_NS_ASSERTIONS = NO;
				ENABLE_STRICT_OBJC_MSGSEND = YES;
				GCC_C_LANGUAGE_STANDARD = gnu11;
				GCC_NO_COMMON_BLOCKS = YES;
				GCC_WARN_64_TO_32_BIT_CONVERSION = YES;
				GCC_WARN_ABOUT_RETURN_TYPE = YES_ERROR;
				GCC_WARN_UNDECLARED_SELECTOR = YES;
				GCC_WARN_UNINITIALIZED_AUTOS = YES_AGGRESSIVE;
				GCC_WARN_UNUSED_FUNCTION = YES;
				GCC_WARN_UNUSED_VARIABLE = YES;
				IPHONEOS_DEPLOYMENT_TARGET = 12.4;
				MTL_ENABLE_DEBUG_INFO = NO;
				MTL_FAST_MATH = YES;
				SDKROOT = iphoneos;
				SWIFT_COMPILATION_MODE = wholemodule;
				SWIFT_OPTIMIZATION_LEVEL = "-O";
				VALIDATE_PRODUCT = YES;
			};
			name = Release;
		};
		D6CB20072466F284008D1EAC /* Debug */ = {
			isa = XCBuildConfiguration;
			buildSettings = {
				ASSETCATALOG_COMPILER_APPICON_NAME = AppIcon;
				CODE_SIGN_STYLE = Automatic;
				DEVELOPMENT_TEAM = QJGSC3XKT9;
				INFOPLIST_FILE = RSSFeed/Info.plist;
				LD_RUNPATH_SEARCH_PATHS = (
					"$(inherited)",
					"@executable_path/Frameworks",
				);
				PRODUCT_BUNDLE_IDENTIFIER = xuanan.RSSFeed;
				PRODUCT_NAME = "$(TARGET_NAME)";
				SWIFT_VERSION = 5.0;
				TARGETED_DEVICE_FAMILY = "1,2";
			};
			name = Debug;
		};
		D6CB20082466F284008D1EAC /* Release */ = {
			isa = XCBuildConfiguration;
			buildSettings = {
				ASSETCATALOG_COMPILER_APPICON_NAME = AppIcon;
				CODE_SIGN_STYLE = Automatic;
				DEVELOPMENT_TEAM = QJGSC3XKT9;
				INFOPLIST_FILE = RSSFeed/Info.plist;
				LD_RUNPATH_SEARCH_PATHS = (
					"$(inherited)",
					"@executable_path/Frameworks",
				);
				PRODUCT_BUNDLE_IDENTIFIER = xuanan.RSSFeed;
				PRODUCT_NAME = "$(TARGET_NAME)";
				SWIFT_VERSION = 5.0;
				TARGETED_DEVICE_FAMILY = "1,2";
			};
			name = Release;
		};
/* End XCBuildConfiguration section */

/* Begin XCConfigurationList section */
		D6CB1FEC2466F282008D1EAC /* Build configuration list for PBXProject "RSSFeed" */ = {
			isa = XCConfigurationList;
			buildConfigurations = (
				D6CB20042466F284008D1EAC /* Debug */,
				D6CB20052466F284008D1EAC /* Release */,
			);
			defaultConfigurationIsVisible = 0;
			defaultConfigurationName = Release;
		};
		D6CB20062466F284008D1EAC /* Build configuration list for PBXNativeTarget "RSSFeed" */ = {
			isa = XCConfigurationList;
			buildConfigurations = (
				D6CB20072466F284008D1EAC /* Debug */,
				D6CB20082466F284008D1EAC /* Release */,
			);
			defaultConfigurationIsVisible = 0;
			defaultConfigurationName = Release;
		};
/* End XCConfigurationList section */

/* Begin XCVersionGroup section */
		D6CB1FFB2466F282008D1EAC /* RSSFeed.xcdatamodeld */ = {
			isa = XCVersionGroup;
			children = (
				D6CB1FFC2466F282008D1EAC /* RSSFeed.xcdatamodel */,
			);
			currentVersion = D6CB1FFC2466F282008D1EAC /* RSSFeed.xcdatamodel */;
			path = RSSFeed.xcdatamodeld;
			sourceTree = "<group>";
			versionGroupType = wrapper.xcdatamodel;
		};
/* End XCVersionGroup section */
	};
	rootObject = D6CB1FE92466F282008D1EAC /* Project object */;
}
